
Microsoft Visual Studio Solution File, Format Version 12.00
# Visual Studio 2012
VisualStudioVersion = 12.0.30723.0
MinimumVisualStudioVersion = 10.0.40219.1
Project("{FAE04EC0-301F-11D3-BF4B-00C04F79EFBC}") = "ImageTest.Core", "ImageTest.Core\ImageTest.Core.csproj", "{747706F4-ECBF-4D50-8D72-B0DDCC18395C}"
EndProject
Project("{FAE04EC0-301F-11D3-BF4B-00C04F79EFBC}") = "ImageTest.iOS", "ImageTest.iOS\ImageTest.iOS.csproj", "{B2115B5E-1B92-4CD0-886E-E0B02BA218D3}"
EndProject
Project("{FAE04EC0-301F-11D3-BF4B-00C04F79EFBC}") = "Cirrious.CrossCore.Touch", "MvvmCross\CrossCore\Cirrious.CrossCore.Touch\Cirrious.CrossCore.Touch.csproj", "{BBBCD850-E7CB-4B6C-86D9-CE01F2B1C81C}"
EndProject
Project("{FAE04EC0-301F-11D3-BF4B-00C04F79EFBC}") = "Cirrious.CrossCore", "MvvmCross\CrossCore\Cirrious.CrossCore\Cirrious.CrossCore.csproj", "{CFF6F25A-3C3B-44EE-A54C-2ED4AAFF3ADB}"
EndProject
Project("{FAE04EC0-301F-11D3-BF4B-00C04F79EFBC}") = "Cirrious.MvvmCross", "MvvmCross\Cirrious\Cirrious.MvvmCross\Cirrious.MvvmCross.csproj", "{B6E27475-E7D0-448C-A5CC-5097DCA1E2DD}"
EndProject
Project("{FAE04EC0-301F-11D3-BF4B-00C04F79EFBC}") = "Cirrious.MvvmCross.Localization", "MvvmCross\Cirrious\Cirrious.MvvmCross.Localization\Cirrious.MvvmCross.Localization.csproj", "{D89351C1-D48F-4AD0-A0B9-353A93425AB7}"
EndProject
Project("{FAE04EC0-301F-11D3-BF4B-00C04F79EFBC}") = "Cirrious.MvvmCross.AutoView.Touch", "MvvmCross\Cirrious\Cirrious.MvvmCross.AutoView.Touch\Cirrious.MvvmCross.AutoView.Touch.csproj", "{F0B24118-AA83-4CEE-8632-B9619576D311}"
EndProject
Project("{FAE04EC0-301F-11D3-BF4B-00C04F79EFBC}") = "Cirrious.MvvmCross.Binding", "MvvmCross\Cirrious\Cirrious.MvvmCross.Binding\Cirrious.MvvmCross.Binding.csproj", "{64DCD397-9019-41E8-A928-E5F5C5DF185B}"
EndProject
Project("{FAE04EC0-301F-11D3-BF4B-00C04F79EFBC}") = "Cirrious.MvvmCross.AutoView", "MvvmCross\Cirrious\Cirrious.MvvmCross.AutoView\Cirrious.MvvmCross.AutoView.csproj", "{274CB946-75BB-4B04-982B-D053C59597AA}"
EndProject
Project("{FAE04EC0-301F-11D3-BF4B-00C04F79EFBC}") = "Cirrious.MvvmCross.Binding.Touch", "MvvmCross\Cirrious\Cirrious.MvvmCross.Binding.Touch\Cirrious.MvvmCross.Binding.Touch.csproj", "{913B13B5-7B2C-4DDA-BECB-DADC827ED895}"
EndProject
Project("{FAE04EC0-301F-11D3-BF4B-00C04F79EFBC}") = "Cirrious.MvvmCross.Touch", "MvvmCross\Cirrious\Cirrious.MvvmCross.Touch\Cirrious.MvvmCross.Touch.csproj", "{E042EDD9-E89D-4928-BF4D-27F0FC29CEDA}"
EndProject
Project("{FAE04EC0-301F-11D3-BF4B-00C04F79EFBC}") = "CrossUI.Core", "MvvmCross\CrossUI\CrossUI.Core\CrossUI.Core.csproj", "{D9CBBFFE-57E8-4E97-9E16-C34BC4C52827}"
EndProject
Project("{FAE04EC0-301F-11D3-BF4B-00C04F79EFBC}") = "Cirrious.MvvmCross.Dialog.Touch", "MvvmCross\Cirrious\Cirrious.MvvmCross.Dialog.Touch\Cirrious.MvvmCross.Dialog.Touch.csproj", "{F073E4F8-E0B6-43E7-84C1-B71AE4BEA0E0}"
EndProject
Project("{FAE04EC0-301F-11D3-BF4B-00C04F79EFBC}") = "CrossUI.Touch", "MvvmCross\CrossUI\CrossUI.Touch\CrossUI.Touch.csproj", "{371B2408-732A-40CA-8242-70DBC17F9825}"
EndProject
Project("{FAE04EC0-301F-11D3-BF4B-00C04F79EFBC}") = "Cirrious.MvvmCross.Plugins.DownloadCache.Touch", "MvvmCross\Plugins\Cirrious\DownloadCache\Cirrious.MvvmCross.Plugins.DownloadCache.Touch\Cirrious.MvvmCross.Plugins.DownloadCache.Touch.csproj", "{59452E25-103C-4677-AB2A-E0D33B9FBDDA}"
EndProject
Project("{FAE04EC0-301F-11D3-BF4B-00C04F79EFBC}") = "Cirrious.MvvmCross.Plugins.DownloadCache", "MvvmCross\Plugins\Cirrious\DownloadCache\Cirrious.MvvmCross.Plugins.DownloadCache\Cirrious.MvvmCross.Plugins.DownloadCache.csproj", "{60A80EB8-2056-4771-8600-03A8DA417CFB}"
EndProject
Project("{FAE04EC0-301F-11D3-BF4B-00C04F79EFBC}") = "Cirrious.MvvmCross.Plugins.File.Touch", "MvvmCross\Plugins\Cirrious\File\Cirrious.MvvmCross.Plugins.File.Touch\Cirrious.MvvmCross.Plugins.File.Touch.csproj", "{5B8CF261-197A-48AF-BC7C-899CF81AA187}"
EndProject
Project("{FAE04EC0-301F-11D3-BF4B-00C04F79EFBC}") = "Cirrious.MvvmCross.Plugins.File", "MvvmCross\Plugins\Cirrious\File\Cirrious.MvvmCross.Plugins.File\Cirrious.MvvmCross.Plugins.File.csproj", "{19EE04D6-7EE0-4FE8-AB10-4623D93F165A}"
EndProject
Global
	GlobalSection(SolutionConfigurationPlatforms) = preSolution
		Ad-Hoc|Any CPU = Ad-Hoc|Any CPU
		Ad-Hoc|iPhone = Ad-Hoc|iPhone
		Ad-Hoc|iPhoneSimulator = Ad-Hoc|iPhoneSimulator
		Ad-Hoc|Mixed Platforms = Ad-Hoc|Mixed Platforms
		AppStore|Any CPU = AppStore|Any CPU
		AppStore|iPhone = AppStore|iPhone
		AppStore|iPhoneSimulator = AppStore|iPhoneSimulator
		AppStore|Mixed Platforms = AppStore|Mixed Platforms
		Debug|Any CPU = Debug|Any CPU
		Debug|iPhone = Debug|iPhone
		Debug|iPhoneSimulator = Debug|iPhoneSimulator
		Debug|Mixed Platforms = Debug|Mixed Platforms
		Release|Any CPU = Release|Any CPU
		Release|iPhone = Release|iPhone
		Release|iPhoneSimulator = Release|iPhoneSimulator
		Release|Mixed Platforms = Release|Mixed Platforms
	EndGlobalSection
	GlobalSection(ProjectConfigurationPlatforms) = postSolution
		{19EE04D6-7EE0-4FE8-AB10-4623D93F165A}.Ad-Hoc|Any CPU.ActiveCfg = Debug|Any CPU
		{19EE04D6-7EE0-4FE8-AB10-4623D93F165A}.Ad-Hoc|Any CPU.Build.0 = Debug|Any CPU
		{19EE04D6-7EE0-4FE8-AB10-4623D93F165A}.Ad-Hoc|iPhone.ActiveCfg = Release|Any CPU
		{19EE04D6-7EE0-4FE8-AB10-4623D93F165A}.Ad-Hoc|iPhone.Build.0 = Release|Any CPU
		{19EE04D6-7EE0-4FE8-AB10-4623D93F165A}.Ad-Hoc|iPhoneSimulator.ActiveCfg = Debug|Any CPU
		{19EE04D6-7EE0-4FE8-AB10-4623D93F165A}.Ad-Hoc|iPhoneSimulator.Build.0 = Debug|Any CPU
		{19EE04D6-7EE0-4FE8-AB10-4623D93F165A}.Ad-Hoc|Mixed Platforms.ActiveCfg = Debug|Any CPU
		{19EE04D6-7EE0-4FE8-AB10-4623D93F165A}.Ad-Hoc|Mixed Platforms.Build.0 = Debug|Any CPU
		{19EE04D6-7EE0-4FE8-AB10-4623D93F165A}.AppStore|Any CPU.ActiveCfg = Debug|Any CPU
		{19EE04D6-7EE0-4FE8-AB10-4623D93F165A}.AppStore|Any CPU.Build.0 = Debug|Any CPU
		{19EE04D6-7EE0-4FE8-AB10-4623D93F165A}.AppStore|iPhone.ActiveCfg = Release|Any CPU
		{19EE04D6-7EE0-4FE8-AB10-4623D93F165A}.AppStore|iPhone.Build.0 = Release|Any CPU
		{19EE04D6-7EE0-4FE8-AB10-4623D93F165A}.AppStore|iPhoneSimulator.ActiveCfg = Debug|Any CPU
		{19EE04D6-7EE0-4FE8-AB10-4623D93F165A}.AppStore|iPhoneSimulator.Build.0 = Debug|Any CPU
		{19EE04D6-7EE0-4FE8-AB10-4623D93F165A}.AppStore|Mixed Platforms.ActiveCfg = Debug|Any CPU
		{19EE04D6-7EE0-4FE8-AB10-4623D93F165A}.AppStore|Mixed Platforms.Build.0 = Debug|Any CPU
		{19EE04D6-7EE0-4FE8-AB10-4623D93F165A}.Debug|Any CPU.ActiveCfg = Debug|Any CPU
		{19EE04D6-7EE0-4FE8-AB10-4623D93F165A}.Debug|Any CPU.Build.0 = Debug|Any CPU
		{19EE04D6-7EE0-4FE8-AB10-4623D93F165A}.Debug|iPhone.ActiveCfg = Debug|Any CPU
		{19EE04D6-7EE0-4FE8-AB10-4623D93F165A}.Debug|iPhone.Build.0 = Debug|Any CPU
		{19EE04D6-7EE0-4FE8-AB10-4623D93F165A}.Debug|iPhoneSimulator.ActiveCfg = Debug|Any CPU
		{19EE04D6-7EE0-4FE8-AB10-4623D93F165A}.Debug|iPhoneSimulator.Build.0 = Debug|Any CPU
		{19EE04D6-7EE0-4FE8-AB10-4623D93F165A}.Debug|Mixed Platforms.ActiveCfg = Debug|Any CPU
		{19EE04D6-7EE0-4FE8-AB10-4623D93F165A}.Debug|Mixed Platforms.Build.0 = Debug|Any CPU
		{19EE04D6-7EE0-4FE8-AB10-4623D93F165A}.Release|Any CPU.ActiveCfg = Release|Any CPU
		{19EE04D6-7EE0-4FE8-AB10-4623D93F165A}.Release|Any CPU.Build.0 = Release|Any CPU
		{19EE04D6-7EE0-4FE8-AB10-4623D93F165A}.Release|iPhone.ActiveCfg = Release|Any CPU
		{19EE04D6-7EE0-4FE8-AB10-4623D93F165A}.Release|iPhone.Build.0 = Release|Any CPU
		{19EE04D6-7EE0-4FE8-AB10-4623D93F165A}.Release|iPhoneSimulator.ActiveCfg = Release|Any CPU
		{19EE04D6-7EE0-4FE8-AB10-4623D93F165A}.Release|iPhoneSimulator.Build.0 = Release|Any CPU
		{19EE04D6-7EE0-4FE8-AB10-4623D93F165A}.Release|Mixed Platforms.ActiveCfg = Release|Any CPU
		{19EE04D6-7EE0-4FE8-AB10-4623D93F165A}.Release|Mixed Platforms.Build.0 = Release|Any CPU
		{274CB946-75BB-4B04-982B-D053C59597AA}.Ad-Hoc|Any CPU.ActiveCfg = Debug|Any CPU
		{274CB946-75BB-4B04-982B-D053C59597AA}.Ad-Hoc|Any CPU.Build.0 = Debug|Any CPU
		{274CB946-75BB-4B04-982B-D053C59597AA}.Ad-Hoc|iPhone.ActiveCfg = Release|Any CPU
		{274CB946-75BB-4B04-982B-D053C59597AA}.Ad-Hoc|iPhone.Build.0 = Release|Any CPU
		{274CB946-75BB-4B04-982B-D053C59597AA}.Ad-Hoc|iPhoneSimulator.ActiveCfg = Debug|Any CPU
		{274CB946-75BB-4B04-982B-D053C59597AA}.Ad-Hoc|iPhoneSimulator.Build.0 = Debug|Any CPU
		{274CB946-75BB-4B04-982B-D053C59597AA}.Ad-Hoc|Mixed Platforms.ActiveCfg = Debug|Any CPU
		{274CB946-75BB-4B04-982B-D053C59597AA}.Ad-Hoc|Mixed Platforms.Build.0 = Debug|Any CPU
		{274CB946-75BB-4B04-982B-D053C59597AA}.AppStore|Any CPU.ActiveCfg = Debug|Any CPU
		{274CB946-75BB-4B04-982B-D053C59597AA}.AppStore|Any CPU.Build.0 = Debug|Any CPU
		{274CB946-75BB-4B04-982B-D053C59597AA}.AppStore|iPhone.ActiveCfg = Release|Any CPU
		{274CB946-75BB-4B04-982B-D053C59597AA}.AppStore|iPhone.Build.0 = Release|Any CPU
		{274CB946-75BB-4B04-982B-D053C59597AA}.AppStore|iPhoneSimulator.ActiveCfg = Debug|Any CPU
		{274CB946-75BB-4B04-982B-D053C59597AA}.AppStore|iPhoneSimulator.Build.0 = Debug|Any CPU
		{274CB946-75BB-4B04-982B-D053C59597AA}.AppStore|Mixed Platforms.ActiveCfg = Debug|Any CPU
		{274CB946-75BB-4B04-982B-D053C59597AA}.AppStore|Mixed Platforms.Build.0 = Debug|Any CPU
		{274CB946-75BB-4B04-982B-D053C59597AA}.Debug|Any CPU.ActiveCfg = Debug|Any CPU
		{274CB946-75BB-4B04-982B-D053C59597AA}.Debug|Any CPU.Build.0 = Debug|Any CPU
		{274CB946-75BB-4B04-982B-D053C59597AA}.Debug|iPhone.ActiveCfg = Debug|Any CPU
		{274CB946-75BB-4B04-982B-D053C59597AA}.Debug|iPhone.Build.0 = Debug|Any CPU
		{274CB946-75BB-4B04-982B-D053C59597AA}.Debug|iPhoneSimulator.ActiveCfg = Debug|Any CPU
		{274CB946-75BB-4B04-982B-D053C59597AA}.Debug|iPhoneSimulator.Build.0 = Debug|Any CPU
		{274CB946-75BB-4B04-982B-D053C59597AA}.Debug|Mixed Platforms.ActiveCfg = Debug|Any CPU
		{274CB946-75BB-4B04-982B-D053C59597AA}.Debug|Mixed Platforms.Build.0 = Debug|Any CPU
		{274CB946-75BB-4B04-982B-D053C59597AA}.Release|Any CPU.ActiveCfg = Release|Any CPU
		{274CB946-75BB-4B04-982B-D053C59597AA}.Release|Any CPU.Build.0 = Release|Any CPU
		{274CB946-75BB-4B04-982B-D053C59597AA}.Release|iPhone.ActiveCfg = Release|Any CPU
		{274CB946-75BB-4B04-982B-D053C59597AA}.Release|iPhone.Build.0 = Release|Any CPU
		{274CB946-75BB-4B04-982B-D053C59597AA}.Release|iPhoneSimulator.ActiveCfg = Release|Any CPU
		{274CB946-75BB-4B04-982B-D053C59597AA}.Release|iPhoneSimulator.Build.0 = Release|Any CPU
		{274CB946-75BB-4B04-982B-D053C59597AA}.Release|Mixed Platforms.ActiveCfg = Release|Any CPU
		{274CB946-75BB-4B04-982B-D053C59597AA}.Release|Mixed Platforms.Build.0 = Release|Any CPU
		{371B2408-732A-40CA-8242-70DBC17F9825}.Ad-Hoc|Any CPU.ActiveCfg = Debug|Any CPU
		{371B2408-732A-40CA-8242-70DBC17F9825}.Ad-Hoc|Any CPU.Build.0 = Debug|Any CPU
		{371B2408-732A-40CA-8242-70DBC17F9825}.Ad-Hoc|iPhone.ActiveCfg = Release|Any CPU
		{371B2408-732A-40CA-8242-70DBC17F9825}.Ad-Hoc|iPhone.Build.0 = Release|Any CPU
		{371B2408-732A-40CA-8242-70DBC17F9825}.Ad-Hoc|iPhoneSimulator.ActiveCfg = Debug|Any CPU
		{371B2408-732A-40CA-8242-70DBC17F9825}.Ad-Hoc|iPhoneSimulator.Build.0 = Debug|Any CPU
		{371B2408-732A-40CA-8242-70DBC17F9825}.Ad-Hoc|Mixed Platforms.ActiveCfg = Debug|Any CPU
		{371B2408-732A-40CA-8242-70DBC17F9825}.Ad-Hoc|Mixed Platforms.Build.0 = Debug|Any CPU
		{371B2408-732A-40CA-8242-70DBC17F9825}.AppStore|Any CPU.ActiveCfg = Debug|Any CPU
		{371B2408-732A-40CA-8242-70DBC17F9825}.AppStore|Any CPU.Build.0 = Debug|Any CPU
		{371B2408-732A-40CA-8242-70DBC17F9825}.AppStore|iPhone.ActiveCfg = Release|Any CPU
		{371B2408-732A-40CA-8242-70DBC17F9825}.AppStore|iPhone.Build.0 = Release|Any CPU
		{371B2408-732A-40CA-8242-70DBC17F9825}.AppStore|iPhoneSimulator.ActiveCfg = Debug|Any CPU
		{371B2408-732A-40CA-8242-70DBC17F9825}.AppStore|iPhoneSimulator.Build.0 = Debug|Any CPU
		{371B2408-732A-40CA-8242-70DBC17F9825}.AppStore|Mixed Platforms.ActiveCfg = Debug|Any CPU
		{371B2408-732A-40CA-8242-70DBC17F9825}.AppStore|Mixed Platforms.Build.0 = Debug|Any CPU
		{371B2408-732A-40CA-8242-70DBC17F9825}.Debug|Any CPU.ActiveCfg = Debug|Any CPU
		{371B2408-732A-40CA-8242-70DBC17F9825}.Debug|Any CPU.Build.0 = Debug|Any CPU
		{371B2408-732A-40CA-8242-70DBC17F9825}.Debug|iPhone.ActiveCfg = Debug|Any CPU
		{371B2408-732A-40CA-8242-70DBC17F9825}.Debug|iPhone.Build.0 = Debug|Any CPU
		{371B2408-732A-40CA-8242-70DBC17F9825}.Debug|iPhoneSimulator.ActiveCfg = Debug|Any CPU
		{371B2408-732A-40CA-8242-70DBC17F9825}.Debug|iPhoneSimulator.Build.0 = Debug|Any CPU
		{371B2408-732A-40CA-8242-70DBC17F9825}.Debug|Mixed Platforms.ActiveCfg = Debug|Any CPU
		{371B2408-732A-40CA-8242-70DBC17F9825}.Debug|Mixed Platforms.Build.0 = Debug|Any CPU
		{371B2408-732A-40CA-8242-70DBC17F9825}.Release|Any CPU.ActiveCfg = Release|Any CPU
		{371B2408-732A-40CA-8242-70DBC17F9825}.Release|Any CPU.Build.0 = Release|Any CPU
		{371B2408-732A-40CA-8242-70DBC17F9825}.Release|iPhone.ActiveCfg = Release|Any CPU
		{371B2408-732A-40CA-8242-70DBC17F9825}.Release|iPhone.Build.0 = Release|Any CPU
		{371B2408-732A-40CA-8242-70DBC17F9825}.Release|iPhoneSimulator.ActiveCfg = Release|Any CPU
		{371B2408-732A-40CA-8242-70DBC17F9825}.Release|iPhoneSimulator.Build.0 = Release|Any CPU
		{371B2408-732A-40CA-8242-70DBC17F9825}.Release|Mixed Platforms.ActiveCfg = Release|Any CPU
		{371B2408-732A-40CA-8242-70DBC17F9825}.Release|Mixed Platforms.Build.0 = Release|Any CPU
		{59452E25-103C-4677-AB2A-E0D33B9FBDDA}.Ad-Hoc|Any CPU.ActiveCfg = Debug|Any CPU
		{59452E25-103C-4677-AB2A-E0D33B9FBDDA}.Ad-Hoc|Any CPU.Build.0 = Debug|Any CPU
		{59452E25-103C-4677-AB2A-E0D33B9FBDDA}.Ad-Hoc|iPhone.ActiveCfg = Release|Any CPU
		{59452E25-103C-4677-AB2A-E0D33B9FBDDA}.Ad-Hoc|iPhone.Build.0 = Release|Any CPU
		{59452E25-103C-4677-AB2A-E0D33B9FBDDA}.Ad-Hoc|iPhoneSimulator.ActiveCfg = Debug|Any CPU
		{59452E25-103C-4677-AB2A-E0D33B9FBDDA}.Ad-Hoc|iPhoneSimulator.Build.0 = Debug|Any CPU
		{59452E25-103C-4677-AB2A-E0D33B9FBDDA}.Ad-Hoc|Mixed Platforms.ActiveCfg = Debug|Any CPU
		{59452E25-103C-4677-AB2A-E0D33B9FBDDA}.Ad-Hoc|Mixed Platforms.Build.0 = Debug|Any CPU
		{59452E25-103C-4677-AB2A-E0D33B9FBDDA}.AppStore|Any CPU.ActiveCfg = Debug|Any CPU
		{59452E25-103C-4677-AB2A-E0D33B9FBDDA}.AppStore|Any CPU.Build.0 = Debug|Any CPU
		{59452E25-103C-4677-AB2A-E0D33B9FBDDA}.AppStore|iPhone.ActiveCfg = Release|Any CPU
		{59452E25-103C-4677-AB2A-E0D33B9FBDDA}.AppStore|iPhone.Build.0 = Release|Any CPU
		{59452E25-103C-4677-AB2A-E0D33B9FBDDA}.AppStore|iPhoneSimulator.ActiveCfg = Debug|Any CPU
		{59452E25-103C-4677-AB2A-E0D33B9FBDDA}.AppStore|iPhoneSimulator.Build.0 = Debug|Any CPU
		{59452E25-103C-4677-AB2A-E0D33B9FBDDA}.AppStore|Mixed Platforms.ActiveCfg = Debug|Any CPU
		{59452E25-103C-4677-AB2A-E0D33B9FBDDA}.AppStore|Mixed Platforms.Build.0 = Debug|Any CPU
		{59452E25-103C-4677-AB2A-E0D33B9FBDDA}.Debug|Any CPU.ActiveCfg = Debug|Any CPU
		{59452E25-103C-4677-AB2A-E0D33B9FBDDA}.Debug|Any CPU.Build.0 = Debug|Any CPU
		{59452E25-103C-4677-AB2A-E0D33B9FBDDA}.Debug|iPhone.ActiveCfg = Debug|Any CPU
		{59452E25-103C-4677-AB2A-E0D33B9FBDDA}.Debug|iPhone.Build.0 = Debug|Any CPU
		{59452E25-103C-4677-AB2A-E0D33B9FBDDA}.Debug|iPhoneSimulator.ActiveCfg = Debug|Any CPU
		{59452E25-103C-4677-AB2A-E0D33B9FBDDA}.Debug|iPhoneSimulator.Build.0 = Debug|Any CPU
		{59452E25-103C-4677-AB2A-E0D33B9FBDDA}.Debug|Mixed Platforms.ActiveCfg = Debug|Any CPU
		{59452E25-103C-4677-AB2A-E0D33B9FBDDA}.Debug|Mixed Platforms.Build.0 = Debug|Any CPU
		{59452E25-103C-4677-AB2A-E0D33B9FBDDA}.Release|Any CPU.ActiveCfg = Release|Any CPU
		{59452E25-103C-4677-AB2A-E0D33B9FBDDA}.Release|Any CPU.Build.0 = Release|Any CPU
		{59452E25-103C-4677-AB2A-E0D33B9FBDDA}.Release|iPhone.ActiveCfg = Release|Any CPU
		{59452E25-103C-4677-AB2A-E0D33B9FBDDA}.Release|iPhone.Build.0 = Release|Any CPU
		{59452E25-103C-4677-AB2A-E0D33B9FBDDA}.Release|iPhoneSimulator.ActiveCfg = Release|Any CPU
		{59452E25-103C-4677-AB2A-E0D33B9FBDDA}.Release|iPhoneSimulator.Build.0 = Release|Any CPU
		{59452E25-103C-4677-AB2A-E0D33B9FBDDA}.Release|Mixed Platforms.ActiveCfg = Release|Any CPU
		{59452E25-103C-4677-AB2A-E0D33B9FBDDA}.Release|Mixed Platforms.Build.0 = Release|Any CPU
		{5B8CF261-197A-48AF-BC7C-899CF81AA187}.Ad-Hoc|Any CPU.ActiveCfg = Debug|Any CPU
		{5B8CF261-197A-48AF-BC7C-899CF81AA187}.Ad-Hoc|Any CPU.Build.0 = Debug|Any CPU
		{5B8CF261-197A-48AF-BC7C-899CF81AA187}.Ad-Hoc|iPhone.ActiveCfg = Release|Any CPU
		{5B8CF261-197A-48AF-BC7C-899CF81AA187}.Ad-Hoc|iPhone.Build.0 = Release|Any CPU
		{5B8CF261-197A-48AF-BC7C-899CF81AA187}.Ad-Hoc|iPhoneSimulator.ActiveCfg = Debug|Any CPU
		{5B8CF261-197A-48AF-BC7C-899CF81AA187}.Ad-Hoc|iPhoneSimulator.Build.0 = Debug|Any CPU
		{5B8CF261-197A-48AF-BC7C-899CF81AA187}.Ad-Hoc|Mixed Platforms.ActiveCfg = Debug|Any CPU
		{5B8CF261-197A-48AF-BC7C-899CF81AA187}.Ad-Hoc|Mixed Platforms.Build.0 = Debug|Any CPU
		{5B8CF261-197A-48AF-BC7C-899CF81AA187}.AppStore|Any CPU.ActiveCfg = Debug|Any CPU
		{5B8CF261-197A-48AF-BC7C-899CF81AA187}.AppStore|Any CPU.Build.0 = Debug|Any CPU
		{5B8CF261-197A-48AF-BC7C-899CF81AA187}.AppStore|iPhone.ActiveCfg = Release|Any CPU
		{5B8CF261-197A-48AF-BC7C-899CF81AA187}.AppStore|iPhone.Build.0 = Release|Any CPU
		{5B8CF261-197A-48AF-BC7C-899CF81AA187}.AppStore|iPhoneSimulator.ActiveCfg = Debug|Any CPU
		{5B8CF261-197A-48AF-BC7C-899CF81AA187}.AppStore|iPhoneSimulator.Build.0 = Debug|Any CPU
		{5B8CF261-197A-48AF-BC7C-899CF81AA187}.AppStore|Mixed Platforms.ActiveCfg = Debug|Any CPU
		{5B8CF261-197A-48AF-BC7C-899CF81AA187}.AppStore|Mixed Platforms.Build.0 = Debug|Any CPU
		{5B8CF261-197A-48AF-BC7C-899CF81AA187}.Debug|Any CPU.ActiveCfg = Debug|Any CPU
		{5B8CF261-197A-48AF-BC7C-899CF81AA187}.Debug|Any CPU.Build.0 = Debug|Any CPU
		{5B8CF261-197A-48AF-BC7C-899CF81AA187}.Debug|iPhone.ActiveCfg = Debug|Any CPU
		{5B8CF261-197A-48AF-BC7C-899CF81AA187}.Debug|iPhone.Build.0 = Debug|Any CPU
		{5B8CF261-197A-48AF-BC7C-899CF81AA187}.Debug|iPhoneSimulator.ActiveCfg = Debug|Any CPU
		{5B8CF261-197A-48AF-BC7C-899CF81AA187}.Debug|iPhoneSimulator.Build.0 = Debug|Any CPU
		{5B8CF261-197A-48AF-BC7C-899CF81AA187}.Debug|Mixed Platforms.ActiveCfg = Debug|Any CPU
		{5B8CF261-197A-48AF-BC7C-899CF81AA187}.Debug|Mixed Platforms.Build.0 = Debug|Any CPU
		{5B8CF261-197A-48AF-BC7C-899CF81AA187}.Release|Any CPU.ActiveCfg = Release|Any CPU
		{5B8CF261-197A-48AF-BC7C-899CF81AA187}.Release|Any CPU.Build.0 = Release|Any CPU
		{5B8CF261-197A-48AF-BC7C-899CF81AA187}.Release|iPhone.ActiveCfg = Release|Any CPU
		{5B8CF261-197A-48AF-BC7C-899CF81AA187}.Release|iPhone.Build.0 = Release|Any CPU
		{5B8CF261-197A-48AF-BC7C-899CF81AA187}.Release|iPhoneSimulator.ActiveCfg = Release|Any CPU
		{5B8CF261-197A-48AF-BC7C-899CF81AA187}.Release|iPhoneSimulator.Build.0 = Release|Any CPU
		{5B8CF261-197A-48AF-BC7C-899CF81AA187}.Release|Mixed Platforms.ActiveCfg = Release|Any CPU
		{5B8CF261-197A-48AF-BC7C-899CF81AA187}.Release|Mixed Platforms.Build.0 = Release|Any CPU
		{60A80EB8-2056-4771-8600-03A8DA417CFB}.Ad-Hoc|Any CPU.ActiveCfg = Debug|Any CPU
		{60A80EB8-2056-4771-8600-03A8DA417CFB}.Ad-Hoc|Any CPU.Build.0 = Debug|Any CPU
		{60A80EB8-2056-4771-8600-03A8DA417CFB}.Ad-Hoc|iPhone.ActiveCfg = Release|Any CPU
		{60A80EB8-2056-4771-8600-03A8DA417CFB}.Ad-Hoc|iPhone.Build.0 = Release|Any CPU
		{60A80EB8-2056-4771-8600-03A8DA417CFB}.Ad-Hoc|iPhoneSimulator.ActiveCfg = Debug|Any CPU
		{60A80EB8-2056-4771-8600-03A8DA417CFB}.Ad-Hoc|iPhoneSimulator.Build.0 = Debug|Any CPU
		{60A80EB8-2056-4771-8600-03A8DA417CFB}.Ad-Hoc|Mixed Platforms.ActiveCfg = Debug|Any CPU
		{60A80EB8-2056-4771-8600-03A8DA417CFB}.Ad-Hoc|Mixed Platforms.Build.0 = Debug|Any CPU
		{60A80EB8-2056-4771-8600-03A8DA417CFB}.AppStore|Any CPU.ActiveCfg = Debug|Any CPU
		{60A80EB8-2056-4771-8600-03A8DA417CFB}.AppStore|Any CPU.Build.0 = Debug|Any CPU
		{60A80EB8-2056-4771-8600-03A8DA417CFB}.AppStore|iPhone.ActiveCfg = Release|Any CPU
		{60A80EB8-2056-4771-8600-03A8DA417CFB}.AppStore|iPhone.Build.0 = Release|Any CPU
		{60A80EB8-2056-4771-8600-03A8DA417CFB}.AppStore|iPhoneSimulator.ActiveCfg = Debug|Any CPU
		{60A80EB8-2056-4771-8600-03A8DA417CFB}.AppStore|iPhoneSimulator.Build.0 = Debug|Any CPU
		{60A80EB8-2056-4771-8600-03A8DA417CFB}.AppStore|Mixed Platforms.ActiveCfg = Debug|Any CPU
		{60A80EB8-2056-4771-8600-03A8DA417CFB}.AppStore|Mixed Platforms.Build.0 = Debug|Any CPU
		{60A80EB8-2056-4771-8600-03A8DA417CFB}.Debug|Any CPU.ActiveCfg = Debug|Any CPU
		{60A80EB8-2056-4771-8600-03A8DA417CFB}.Debug|Any CPU.Build.0 = Debug|Any CPU
		{60A80EB8-2056-4771-8600-03A8DA417CFB}.Debug|iPhone.ActiveCfg = Debug|Any CPU
		{60A80EB8-2056-4771-8600-03A8DA417CFB}.Debug|iPhone.Build.0 = Debug|Any CPU
		{60A80EB8-2056-4771-8600-03A8DA417CFB}.Debug|iPhoneSimulator.ActiveCfg = Debug|Any CPU
		{60A80EB8-2056-4771-8600-03A8DA417CFB}.Debug|iPhoneSimulator.Build.0 = Debug|Any CPU
		{60A80EB8-2056-4771-8600-03A8DA417CFB}.Debug|Mixed Platforms.ActiveCfg = Debug|Any CPU
		{60A80EB8-2056-4771-8600-03A8DA417CFB}.Debug|Mixed Platforms.Build.0 = Debug|Any CPU
		{60A80EB8-2056-4771-8600-03A8DA417CFB}.Release|Any CPU.ActiveCfg = Release|Any CPU
		{60A80EB8-2056-4771-8600-03A8DA417CFB}.Release|Any CPU.Build.0 = Release|Any CPU
		{60A80EB8-2056-4771-8600-03A8DA417CFB}.Release|iPhone.ActiveCfg = Release|Any CPU
		{60A80EB8-2056-4771-8600-03A8DA417CFB}.Release|iPhone.Build.0 = Release|Any CPU
		{60A80EB8-2056-4771-8600-03A8DA417CFB}.Release|iPhoneSimulator.ActiveCfg = Release|Any CPU
		{60A80EB8-2056-4771-8600-03A8DA417CFB}.Release|iPhoneSimulator.Build.0 = Release|Any CPU
		{60A80EB8-2056-4771-8600-03A8DA417CFB}.Release|Mixed Platforms.ActiveCfg = Release|Any CPU
		{60A80EB8-2056-4771-8600-03A8DA417CFB}.Release|Mixed Platforms.Build.0 = Release|Any CPU
		{64DCD397-9019-41E8-A928-E5F5C5DF185B}.Ad-Hoc|Any CPU.ActiveCfg = Debug|Any CPU
		{64DCD397-9019-41E8-A928-E5F5C5DF185B}.Ad-Hoc|Any CPU.Build.0 = Debug|Any CPU
		{64DCD397-9019-41E8-A928-E5F5C5DF185B}.Ad-Hoc|iPhone.ActiveCfg = Release|Any CPU
		{64DCD397-9019-41E8-A928-E5F5C5DF185B}.Ad-Hoc|iPhone.Build.0 = Release|Any CPU
		{64DCD397-9019-41E8-A928-E5F5C5DF185B}.Ad-Hoc|iPhoneSimulator.ActiveCfg = Debug|Any CPU
		{64DCD397-9019-41E8-A928-E5F5C5DF185B}.Ad-Hoc|iPhoneSimulator.Build.0 = Debug|Any CPU
		{64DCD397-9019-41E8-A928-E5F5C5DF185B}.Ad-Hoc|Mixed Platforms.ActiveCfg = Debug|Any CPU
		{64DCD397-9019-41E8-A928-E5F5C5DF185B}.Ad-Hoc|Mixed Platforms.Build.0 = Debug|Any CPU
		{64DCD397-9019-41E8-A928-E5F5C5DF185B}.AppStore|Any CPU.ActiveCfg = Debug|Any CPU
		{64DCD397-9019-41E8-A928-E5F5C5DF185B}.AppStore|Any CPU.Build.0 = Debug|Any CPU
		{64DCD397-9019-41E8-A928-E5F5C5DF185B}.AppStore|iPhone.ActiveCfg = Release|Any CPU
		{64DCD397-9019-41E8-A928-E5F5C5DF185B}.AppStore|iPhone.Build.0 = Release|Any CPU
		{64DCD397-9019-41E8-A928-E5F5C5DF185B}.AppStore|iPhoneSimulator.ActiveCfg = Debug|Any CPU
		{64DCD397-9019-41E8-A928-E5F5C5DF185B}.AppStore|iPhoneSimulator.Build.0 = Debug|Any CPU
		{64DCD397-9019-41E8-A928-E5F5C5DF185B}.AppStore|Mixed Platforms.ActiveCfg = Debug|Any CPU
		{64DCD397-9019-41E8-A928-E5F5C5DF185B}.AppStore|Mixed Platforms.Build.0 = Debug|Any CPU
		{64DCD397-9019-41E8-A928-E5F5C5DF185B}.Debug|Any CPU.ActiveCfg = Debug|Any CPU
		{64DCD397-9019-41E8-A928-E5F5C5DF185B}.Debug|Any CPU.Build.0 = Debug|Any CPU
		{64DCD397-9019-41E8-A928-E5F5C5DF185B}.Debug|iPhone.ActiveCfg = Debug|Any CPU
		{64DCD397-9019-41E8-A928-E5F5C5DF185B}.Debug|iPhone.Build.0 = Debug|Any CPU
		{64DCD397-9019-41E8-A928-E5F5C5DF185B}.Debug|iPhoneSimulator.ActiveCfg = Debug|Any CPU
		{64DCD397-9019-41E8-A928-E5F5C5DF185B}.Debug|iPhoneSimulator.Build.0 = Debug|Any CPU
		{64DCD397-9019-41E8-A928-E5F5C5DF185B}.Debug|Mixed Platforms.ActiveCfg = Debug|Any CPU
		{64DCD397-9019-41E8-A928-E5F5C5DF185B}.Debug|Mixed Platforms.Build.0 = Debug|Any CPU
		{64DCD397-9019-41E8-A928-E5F5C5DF185B}.Release|Any CPU.ActiveCfg = Release|Any CPU
		{64DCD397-9019-41E8-A928-E5F5C5DF185B}.Release|Any CPU.Build.0 = Release|Any CPU
		{64DCD397-9019-41E8-A928-E5F5C5DF185B}.Release|iPhone.ActiveCfg = Release|Any CPU
		{64DCD397-9019-41E8-A928-E5F5C5DF185B}.Release|iPhone.Build.0 = Release|Any CPU
		{64DCD397-9019-41E8-A928-E5F5C5DF185B}.Release|iPhoneSimulator.ActiveCfg = Release|Any CPU
		{64DCD397-9019-41E8-A928-E5F5C5DF185B}.Release|iPhoneSimulator.Build.0 = Release|Any CPU
		{64DCD397-9019-41E8-A928-E5F5C5DF185B}.Release|Mixed Platforms.ActiveCfg = Release|Any CPU
		{64DCD397-9019-41E8-A928-E5F5C5DF185B}.Release|Mixed Platforms.Build.0 = Release|Any CPU
		{747706F4-ECBF-4D50-8D72-B0DDCC18395C}.Ad-Hoc|Any CPU.ActiveCfg = Release|Any CPU
		{747706F4-ECBF-4D50-8D72-B0DDCC18395C}.Ad-Hoc|Any CPU.Build.0 = Release|Any CPU
		{747706F4-ECBF-4D50-8D72-B0DDCC18395C}.Ad-Hoc|iPhone.ActiveCfg = Release|Any CPU
		{747706F4-ECBF-4D50-8D72-B0DDCC18395C}.Ad-Hoc|iPhoneSimulator.ActiveCfg = Release|Any CPU
		{747706F4-ECBF-4D50-8D72-B0DDCC18395C}.Ad-Hoc|Mixed Platforms.ActiveCfg = Release|Any CPU
		{747706F4-ECBF-4D50-8D72-B0DDCC18395C}.Ad-Hoc|Mixed Platforms.Build.0 = Release|Any CPU
		{747706F4-ECBF-4D50-8D72-B0DDCC18395C}.AppStore|Any CPU.ActiveCfg = Release|Any CPU
		{747706F4-ECBF-4D50-8D72-B0DDCC18395C}.AppStore|Any CPU.Build.0 = Release|Any CPU
		{747706F4-ECBF-4D50-8D72-B0DDCC18395C}.AppStore|iPhone.ActiveCfg = Release|Any CPU
		{747706F4-ECBF-4D50-8D72-B0DDCC18395C}.AppStore|iPhoneSimulator.ActiveCfg = Release|Any CPU
		{747706F4-ECBF-4D50-8D72-B0DDCC18395C}.AppStore|Mixed Platforms.ActiveCfg = Release|Any CPU
		{747706F4-ECBF-4D50-8D72-B0DDCC18395C}.AppStore|Mixed Platforms.Build.0 = Release|Any CPU
		{747706F4-ECBF-4D50-8D72-B0DDCC18395C}.Debug|Any CPU.ActiveCfg = Debug|Any CPU
		{747706F4-ECBF-4D50-8D72-B0DDCC18395C}.Debug|Any CPU.Build.0 = Debug|Any CPU
		{747706F4-ECBF-4D50-8D72-B0DDCC18395C}.Debug|iPhone.ActiveCfg = Debug|Any CPU
		{747706F4-ECBF-4D50-8D72-B0DDCC18395C}.Debug|iPhoneSimulator.ActiveCfg = Debug|Any CPU
		{747706F4-ECBF-4D50-8D72-B0DDCC18395C}.Debug|Mixed Platforms.ActiveCfg = Debug|Any CPU
		{747706F4-ECBF-4D50-8D72-B0DDCC18395C}.Debug|Mixed Platforms.Build.0 = Debug|Any CPU
		{747706F4-ECBF-4D50-8D72-B0DDCC18395C}.Release|Any CPU.ActiveCfg = Release|Any CPU
		{747706F4-ECBF-4D50-8D72-B0DDCC18395C}.Release|Any CPU.Build.0 = Release|Any CPU
		{747706F4-ECBF-4D50-8D72-B0DDCC18395C}.Release|iPhone.ActiveCfg = Release|Any CPU
		{747706F4-ECBF-4D50-8D72-B0DDCC18395C}.Release|iPhoneSimulator.ActiveCfg = Release|Any CPU
		{747706F4-ECBF-4D50-8D72-B0DDCC18395C}.Release|Mixed Platforms.ActiveCfg = Release|Any CPU
		{747706F4-ECBF-4D50-8D72-B0DDCC18395C}.Release|Mixed Platforms.Build.0 = Release|Any CPU
		{913B13B5-7B2C-4DDA-BECB-DADC827ED895}.Ad-Hoc|Any CPU.ActiveCfg = Debug|Any CPU
		{913B13B5-7B2C-4DDA-BECB-DADC827ED895}.Ad-Hoc|Any CPU.Build.0 = Debug|Any CPU
		{913B13B5-7B2C-4DDA-BECB-DADC827ED895}.Ad-Hoc|iPhone.ActiveCfg = Release|Any CPU
		{913B13B5-7B2C-4DDA-BECB-DADC827ED895}.Ad-Hoc|iPhone.Build.0 = Release|Any CPU
		{913B13B5-7B2C-4DDA-BECB-DADC827ED895}.Ad-Hoc|iPhoneSimulator.ActiveCfg = Debug|Any CPU
		{913B13B5-7B2C-4DDA-BECB-DADC827ED895}.Ad-Hoc|iPhoneSimulator.Build.0 = Debug|Any CPU
		{913B13B5-7B2C-4DDA-BECB-DADC827ED895}.Ad-Hoc|Mixed Platforms.ActiveCfg = Debug|Any CPU
		{913B13B5-7B2C-4DDA-BECB-DADC827ED895}.Ad-Hoc|Mixed Platforms.Build.0 = Debug|Any CPU
		{913B13B5-7B2C-4DDA-BECB-DADC827ED895}.AppStore|Any CPU.ActiveCfg = Debug|Any CPU
		{913B13B5-7B2C-4DDA-BECB-DADC827ED895}.AppStore|Any CPU.Build.0 = Debug|Any CPU
		{913B13B5-7B2C-4DDA-BECB-DADC827ED895}.AppStore|iPhone.ActiveCfg = Release|Any CPU
		{913B13B5-7B2C-4DDA-BECB-DADC827ED895}.AppStore|iPhone.Build.0 = Release|Any CPU
		{913B13B5-7B2C-4DDA-BECB-DADC827ED895}.AppStore|iPhoneSimulator.ActiveCfg = Debug|Any CPU
		{913B13B5-7B2C-4DDA-BECB-DADC827ED895}.AppStore|iPhoneSimulator.Build.0 = Debug|Any CPU
		{913B13B5-7B2C-4DDA-BECB-DADC827ED895}.AppStore|Mixed Platforms.ActiveCfg = Debug|Any CPU
		{913B13B5-7B2C-4DDA-BECB-DADC827ED895}.AppStore|Mixed Platforms.Build.0 = Debug|Any CPU
		{913B13B5-7B2C-4DDA-BECB-DADC827ED895}.Debug|Any CPU.ActiveCfg = Debug|Any CPU
		{913B13B5-7B2C-4DDA-BECB-DADC827ED895}.Debug|Any CPU.Build.0 = Debug|Any CPU
		{913B13B5-7B2C-4DDA-BECB-DADC827ED895}.Debug|iPhone.ActiveCfg = Debug|Any CPU
		{913B13B5-7B2C-4DDA-BECB-DADC827ED895}.Debug|iPhone.Build.0 = Debug|Any CPU
		{913B13B5-7B2C-4DDA-BECB-DADC827ED895}.Debug|iPhoneSimulator.ActiveCfg = Debug|Any CPU
		{913B13B5-7B2C-4DDA-BECB-DADC827ED895}.Debug|iPhoneSimulator.Build.0 = Debug|Any CPU
		{913B13B5-7B2C-4DDA-BECB-DADC827ED895}.Debug|Mixed Platforms.ActiveCfg = Debug|Any CPU
		{913B13B5-7B2C-4DDA-BECB-DADC827ED895}.Debug|Mixed Platforms.Build.0 = Debug|Any CPU
		{913B13B5-7B2C-4DDA-BECB-DADC827ED895}.Release|Any CPU.ActiveCfg = Release|Any CPU
		{913B13B5-7B2C-4DDA-BECB-DADC827ED895}.Release|Any CPU.Build.0 = Release|Any CPU
		{913B13B5-7B2C-4DDA-BECB-DADC827ED895}.Release|iPhone.ActiveCfg = Release|Any CPU
		{913B13B5-7B2C-4DDA-BECB-DADC827ED895}.Release|iPhone.Build.0 = Release|Any CPU
		{913B13B5-7B2C-4DDA-BECB-DADC827ED895}.Release|iPhoneSimulator.ActiveCfg = Release|Any CPU
		{913B13B5-7B2C-4DDA-BECB-DADC827ED895}.Release|iPhoneSimulator.Build.0 = Release|Any CPU
		{913B13B5-7B2C-4DDA-BECB-DADC827ED895}.Release|Mixed Platforms.ActiveCfg = Release|Any CPU
		{913B13B5-7B2C-4DDA-BECB-DADC827ED895}.Release|Mixed Platforms.Build.0 = Release|Any CPU
		{B2115B5E-1B92-4CD0-886E-E0B02BA218D3}.Ad-Hoc|Any CPU.ActiveCfg = Debug|iPhoneSimulator
		{B2115B5E-1B92-4CD0-886E-E0B02BA218D3}.Ad-Hoc|Any CPU.Build.0 = Debug|iPhoneSimulator
		{B2115B5E-1B92-4CD0-886E-E0B02BA218D3}.Ad-Hoc|iPhone.ActiveCfg = Release|iPhone
		{B2115B5E-1B92-4CD0-886E-E0B02BA218D3}.Ad-Hoc|iPhone.Build.0 = Release|iPhone
		{B2115B5E-1B92-4CD0-886E-E0B02BA218D3}.Ad-Hoc|iPhoneSimulator.ActiveCfg = Debug|iPhoneSimulator
		{B2115B5E-1B92-4CD0-886E-E0B02BA218D3}.Ad-Hoc|iPhoneSimulator.Build.0 = Debug|iPhoneSimulator
		{B2115B5E-1B92-4CD0-886E-E0B02BA218D3}.Ad-Hoc|Mixed Platforms.ActiveCfg = Debug|iPhoneSimulator
		{B2115B5E-1B92-4CD0-886E-E0B02BA218D3}.Ad-Hoc|Mixed Platforms.Build.0 = Debug|iPhoneSimulator
		{B2115B5E-1B92-4CD0-886E-E0B02BA218D3}.AppStore|Any CPU.ActiveCfg = Debug|iPhoneSimulator
		{B2115B5E-1B92-4CD0-886E-E0B02BA218D3}.AppStore|Any CPU.Build.0 = Debug|iPhoneSimulator
		{B2115B5E-1B92-4CD0-886E-E0B02BA218D3}.AppStore|iPhone.ActiveCfg = Release|iPhone
		{B2115B5E-1B92-4CD0-886E-E0B02BA218D3}.AppStore|iPhone.Build.0 = Release|iPhone
		{B2115B5E-1B92-4CD0-886E-E0B02BA218D3}.AppStore|iPhoneSimulator.ActiveCfg = Debug|iPhoneSimulator
		{B2115B5E-1B92-4CD0-886E-E0B02BA218D3}.AppStore|iPhoneSimulator.Build.0 = Debug|iPhoneSimulator
		{B2115B5E-1B92-4CD0-886E-E0B02BA218D3}.AppStore|Mixed Platforms.ActiveCfg = Debug|iPhoneSimulator
		{B2115B5E-1B92-4CD0-886E-E0B02BA218D3}.AppStore|Mixed Platforms.Build.0 = Debug|iPhoneSimulator
		{B2115B5E-1B92-4CD0-886E-E0B02BA218D3}.Debug|Any CPU.ActiveCfg = Debug|iPhoneSimulator
		{B2115B5E-1B92-4CD0-886E-E0B02BA218D3}.Debug|Any CPU.Build.0 = Debug|iPhoneSimulator
		{B2115B5E-1B92-4CD0-886E-E0B02BA218D3}.Debug|iPhone.ActiveCfg = Debug|iPhone
		{B2115B5E-1B92-4CD0-886E-E0B02BA218D3}.Debug|iPhone.Build.0 = Debug|iPhone
		{B2115B5E-1B92-4CD0-886E-E0B02BA218D3}.Debug|iPhoneSimulator.ActiveCfg = Debug|iPhoneSimulator
		{B2115B5E-1B92-4CD0-886E-E0B02BA218D3}.Debug|iPhoneSimulator.Build.0 = Debug|iPhoneSimulator
		{B2115B5E-1B92-4CD0-886E-E0B02BA218D3}.Debug|Mixed Platforms.ActiveCfg = Debug|iPhoneSimulator
		{B2115B5E-1B92-4CD0-886E-E0B02BA218D3}.Debug|Mixed Platforms.Build.0 = Debug|iPhoneSimulator
		{B2115B5E-1B92-4CD0-886E-E0B02BA218D3}.Release|Any CPU.ActiveCfg = Release|iPhone
		{B2115B5E-1B92-4CD0-886E-E0B02BA218D3}.Release|Any CPU.Build.0 = Release|iPhone
		{B2115B5E-1B92-4CD0-886E-E0B02BA218D3}.Release|iPhone.ActiveCfg = Release|iPhone
		{B2115B5E-1B92-4CD0-886E-E0B02BA218D3}.Release|iPhone.Build.0 = Release|iPhone
		{B2115B5E-1B92-4CD0-886E-E0B02BA218D3}.Release|iPhoneSimulator.ActiveCfg = Release|iPhoneSimulator
		{B2115B5E-1B92-4CD0-886E-E0B02BA218D3}.Release|iPhoneSimulator.Build.0 = Release|iPhoneSimulator
		{B2115B5E-1B92-4CD0-886E-E0B02BA218D3}.Release|Mixed Platforms.ActiveCfg = Release|iPhone
		{B2115B5E-1B92-4CD0-886E-E0B02BA218D3}.Release|Mixed Platforms.Build.0 = Release|iPhone
		{B6E27475-E7D0-448C-A5CC-5097DCA1E2DD}.Ad-Hoc|Any CPU.ActiveCfg = Debug|Any CPU
		{B6E27475-E7D0-448C-A5CC-5097DCA1E2DD}.Ad-Hoc|Any CPU.Build.0 = Debug|Any CPU
		{B6E27475-E7D0-448C-A5CC-5097DCA1E2DD}.Ad-Hoc|iPhone.ActiveCfg = Release|Any CPU
		{B6E27475-E7D0-448C-A5CC-5097DCA1E2DD}.Ad-Hoc|iPhone.Build.0 = Release|Any CPU
		{B6E27475-E7D0-448C-A5CC-5097DCA1E2DD}.Ad-Hoc|iPhoneSimulator.ActiveCfg = Debug|Any CPU
		{B6E27475-E7D0-448C-A5CC-5097DCA1E2DD}.Ad-Hoc|iPhoneSimulator.Build.0 = Debug|Any CPU
		{B6E27475-E7D0-448C-A5CC-5097DCA1E2DD}.Ad-Hoc|Mixed Platforms.ActiveCfg = Debug|Any CPU
		{B6E27475-E7D0-448C-A5CC-5097DCA1E2DD}.Ad-Hoc|Mixed Platforms.Build.0 = Debug|Any CPU
		{B6E27475-E7D0-448C-A5CC-5097DCA1E2DD}.AppStore|Any CPU.ActiveCfg = Debug|Any CPU
		{B6E27475-E7D0-448C-A5CC-5097DCA1E2DD}.AppStore|Any CPU.Build.0 = Debug|Any CPU
		{B6E27475-E7D0-448C-A5CC-5097DCA1E2DD}.AppStore|iPhone.ActiveCfg = Release|Any CPU
		{B6E27475-E7D0-448C-A5CC-5097DCA1E2DD}.AppStore|iPhone.Build.0 = Release|Any CPU
		{B6E27475-E7D0-448C-A5CC-5097DCA1E2DD}.AppStore|iPhoneSimulator.ActiveCfg = Debug|Any CPU
		{B6E27475-E7D0-448C-A5CC-5097DCA1E2DD}.AppStore|iPhoneSimulator.Build.0 = Debug|Any CPU
		{B6E27475-E7D0-448C-A5CC-5097DCA1E2DD}.AppStore|Mixed Platforms.ActiveCfg = Debug|Any CPU
		{B6E27475-E7D0-448C-A5CC-5097DCA1E2DD}.AppStore|Mixed Platforms.Build.0 = Debug|Any CPU
		{B6E27475-E7D0-448C-A5CC-5097DCA1E2DD}.Debug|Any CPU.ActiveCfg = Debug|Any CPU
		{B6E27475-E7D0-448C-A5CC-5097DCA1E2DD}.Debug|Any CPU.Build.0 = Debug|Any CPU
		{B6E27475-E7D0-448C-A5CC-5097DCA1E2DD}.Debug|iPhone.ActiveCfg = Debug|Any CPU
		{B6E27475-E7D0-448C-A5CC-5097DCA1E2DD}.Debug|iPhone.Build.0 = Debug|Any CPU
		{B6E27475-E7D0-448C-A5CC-5097DCA1E2DD}.Debug|iPhoneSimulator.ActiveCfg = Debug|Any CPU
		{B6E27475-E7D0-448C-A5CC-5097DCA1E2DD}.Debug|iPhoneSimulator.Build.0 = Debug|Any CPU
		{B6E27475-E7D0-448C-A5CC-5097DCA1E2DD}.Debug|Mixed Platforms.ActiveCfg = Debug|Any CPU
		{B6E27475-E7D0-448C-A5CC-5097DCA1E2DD}.Debug|Mixed Platforms.Build.0 = Debug|Any CPU
		{B6E27475-E7D0-448C-A5CC-5097DCA1E2DD}.Release|Any CPU.ActiveCfg = Release|Any CPU
		{B6E27475-E7D0-448C-A5CC-5097DCA1E2DD}.Release|Any CPU.Build.0 = Release|Any CPU
		{B6E27475-E7D0-448C-A5CC-5097DCA1E2DD}.Release|iPhone.ActiveCfg = Release|Any CPU
		{B6E27475-E7D0-448C-A5CC-5097DCA1E2DD}.Release|iPhone.Build.0 = Release|Any CPU
		{B6E27475-E7D0-448C-A5CC-5097DCA1E2DD}.Release|iPhoneSimulator.ActiveCfg = Release|Any CPU
		{B6E27475-E7D0-448C-A5CC-5097DCA1E2DD}.Release|iPhoneSimulator.Build.0 = Release|Any CPU
		{B6E27475-E7D0-448C-A5CC-5097DCA1E2DD}.Release|Mixed Platforms.ActiveCfg = Release|Any CPU
		{B6E27475-E7D0-448C-A5CC-5097DCA1E2DD}.Release|Mixed Platforms.Build.0 = Release|Any CPU
		{BBBCD850-E7CB-4B6C-86D9-CE01F2B1C81C}.Ad-Hoc|Any CPU.ActiveCfg = Debug|Any CPU
		{BBBCD850-E7CB-4B6C-86D9-CE01F2B1C81C}.Ad-Hoc|Any CPU.Build.0 = Debug|Any CPU
		{BBBCD850-E7CB-4B6C-86D9-CE01F2B1C81C}.Ad-Hoc|iPhone.ActiveCfg = Release|Any CPU
		{BBBCD850-E7CB-4B6C-86D9-CE01F2B1C81C}.Ad-Hoc|iPhone.Build.0 = Release|Any CPU
		{BBBCD850-E7CB-4B6C-86D9-CE01F2B1C81C}.Ad-Hoc|iPhoneSimulator.ActiveCfg = Debug|Any CPU
		{BBBCD850-E7CB-4B6C-86D9-CE01F2B1C81C}.Ad-Hoc|iPhoneSimulator.Build.0 = Debug|Any CPU
		{BBBCD850-E7CB-4B6C-86D9-CE01F2B1C81C}.Ad-Hoc|Mixed Platforms.ActiveCfg = Debug|Any CPU
		{BBBCD850-E7CB-4B6C-86D9-CE01F2B1C81C}.Ad-Hoc|Mixed Platforms.Build.0 = Debug|Any CPU
		{BBBCD850-E7CB-4B6C-86D9-CE01F2B1C81C}.AppStore|Any CPU.ActiveCfg = Debug|Any CPU
		{BBBCD850-E7CB-4B6C-86D9-CE01F2B1C81C}.AppStore|Any CPU.Build.0 = Debug|Any CPU
		{BBBCD850-E7CB-4B6C-86D9-CE01F2B1C81C}.AppStore|iPhone.ActiveCfg = Release|Any CPU
		{BBBCD850-E7CB-4B6C-86D9-CE01F2B1C81C}.AppStore|iPhone.Build.0 = Release|Any CPU
		{BBBCD850-E7CB-4B6C-86D9-CE01F2B1C81C}.AppStore|iPhoneSimulator.ActiveCfg = Debug|Any CPU
		{BBBCD850-E7CB-4B6C-86D9-CE01F2B1C81C}.AppStore|iPhoneSimulator.Build.0 = Debug|Any CPU
		{BBBCD850-E7CB-4B6C-86D9-CE01F2B1C81C}.AppStore|Mixed Platforms.ActiveCfg = Debug|Any CPU
		{BBBCD850-E7CB-4B6C-86D9-CE01F2B1C81C}.AppStore|Mixed Platforms.Build.0 = Debug|Any CPU
		{BBBCD850-E7CB-4B6C-86D9-CE01F2B1C81C}.Debug|Any CPU.ActiveCfg = Debug|Any CPU
		{BBBCD850-E7CB-4B6C-86D9-CE01F2B1C81C}.Debug|Any CPU.Build.0 = Debug|Any CPU
		{BBBCD850-E7CB-4B6C-86D9-CE01F2B1C81C}.Debug|iPhone.ActiveCfg = Debug|Any CPU
		{BBBCD850-E7CB-4B6C-86D9-CE01F2B1C81C}.Debug|iPhone.Build.0 = Debug|Any CPU
		{BBBCD850-E7CB-4B6C-86D9-CE01F2B1C81C}.Debug|iPhoneSimulator.ActiveCfg = Debug|Any CPU
		{BBBCD850-E7CB-4B6C-86D9-CE01F2B1C81C}.Debug|iPhoneSimulator.Build.0 = Debug|Any CPU
		{BBBCD850-E7CB-4B6C-86D9-CE01F2B1C81C}.Debug|Mixed Platforms.ActiveCfg = Debug|Any CPU
		{BBBCD850-E7CB-4B6C-86D9-CE01F2B1C81C}.Debug|Mixed Platforms.Build.0 = Debug|Any CPU
		{BBBCD850-E7CB-4B6C-86D9-CE01F2B1C81C}.Release|Any CPU.ActiveCfg = Release|Any CPU
		{BBBCD850-E7CB-4B6C-86D9-CE01F2B1C81C}.Release|Any CPU.Build.0 = Release|Any CPU
		{BBBCD850-E7CB-4B6C-86D9-CE01F2B1C81C}.Release|iPhone.ActiveCfg = Release|Any CPU
		{BBBCD850-E7CB-4B6C-86D9-CE01F2B1C81C}.Release|iPhone.Build.0 = Release|Any CPU
		{BBBCD850-E7CB-4B6C-86D9-CE01F2B1C81C}.Release|iPhoneSimulator.ActiveCfg = Release|Any CPU
		{BBBCD850-E7CB-4B6C-86D9-CE01F2B1C81C}.Release|iPhoneSimulator.Build.0 = Release|Any CPU
		{BBBCD850-E7CB-4B6C-86D9-CE01F2B1C81C}.Release|Mixed Platforms.ActiveCfg = Release|Any CPU
		{BBBCD850-E7CB-4B6C-86D9-CE01F2B1C81C}.Release|Mixed Platforms.Build.0 = Release|Any CPU
		{CFF6F25A-3C3B-44EE-A54C-2ED4AAFF3ADB}.Ad-Hoc|Any CPU.ActiveCfg = Debug|Any CPU
		{CFF6F25A-3C3B-44EE-A54C-2ED4AAFF3ADB}.Ad-Hoc|Any CPU.Build.0 = Debug|Any CPU
		{CFF6F25A-3C3B-44EE-A54C-2ED4AAFF3ADB}.Ad-Hoc|iPhone.ActiveCfg = Release|Any CPU
		{CFF6F25A-3C3B-44EE-A54C-2ED4AAFF3ADB}.Ad-Hoc|iPhone.Build.0 = Release|Any CPU
		{CFF6F25A-3C3B-44EE-A54C-2ED4AAFF3ADB}.Ad-Hoc|iPhoneSimulator.ActiveCfg = Debug|Any CPU
		{CFF6F25A-3C3B-44EE-A54C-2ED4AAFF3ADB}.Ad-Hoc|iPhoneSimulator.Build.0 = Debug|Any CPU
		{CFF6F25A-3C3B-44EE-A54C-2ED4AAFF3ADB}.Ad-Hoc|Mixed Platforms.ActiveCfg = Debug|Any CPU
		{CFF6F25A-3C3B-44EE-A54C-2ED4AAFF3ADB}.Ad-Hoc|Mixed Platforms.Build.0 = Debug|Any CPU
		{CFF6F25A-3C3B-44EE-A54C-2ED4AAFF3ADB}.AppStore|Any CPU.ActiveCfg = Debug|Any CPU
		{CFF6F25A-3C3B-44EE-A54C-2ED4AAFF3ADB}.AppStore|Any CPU.Build.0 = Debug|Any CPU
		{CFF6F25A-3C3B-44EE-A54C-2ED4AAFF3ADB}.AppStore|iPhone.ActiveCfg = Release|Any CPU
		{CFF6F25A-3C3B-44EE-A54C-2ED4AAFF3ADB}.AppStore|iPhone.Build.0 = Release|Any CPU
		{CFF6F25A-3C3B-44EE-A54C-2ED4AAFF3ADB}.AppStore|iPhoneSimulator.ActiveCfg = Debug|Any CPU
		{CFF6F25A-3C3B-44EE-A54C-2ED4AAFF3ADB}.AppStore|iPhoneSimulator.Build.0 = Debug|Any CPU
		{CFF6F25A-3C3B-44EE-A54C-2ED4AAFF3ADB}.AppStore|Mixed Platforms.ActiveCfg = Debug|Any CPU
		{CFF6F25A-3C3B-44EE-A54C-2ED4AAFF3ADB}.AppStore|Mixed Platforms.Build.0 = Debug|Any CPU
		{CFF6F25A-3C3B-44EE-A54C-2ED4AAFF3ADB}.Debug|Any CPU.ActiveCfg = Debug|Any CPU
		{CFF6F25A-3C3B-44EE-A54C-2ED4AAFF3ADB}.Debug|Any CPU.Build.0 = Debug|Any CPU
		{CFF6F25A-3C3B-44EE-A54C-2ED4AAFF3ADB}.Debug|iPhone.ActiveCfg = Debug|Any CPU
		{CFF6F25A-3C3B-44EE-A54C-2ED4AAFF3ADB}.Debug|iPhone.Build.0 = Debug|Any CPU
		{CFF6F25A-3C3B-44EE-A54C-2ED4AAFF3ADB}.Debug|iPhoneSimulator.ActiveCfg = Debug|Any CPU
		{CFF6F25A-3C3B-44EE-A54C-2ED4AAFF3ADB}.Debug|iPhoneSimulator.Build.0 = Debug|Any CPU
		{CFF6F25A-3C3B-44EE-A54C-2ED4AAFF3ADB}.Debug|Mixed Platforms.ActiveCfg = Debug|Any CPU
		{CFF6F25A-3C3B-44EE-A54C-2ED4AAFF3ADB}.Debug|Mixed Platforms.Build.0 = Debug|Any CPU
		{CFF6F25A-3C3B-44EE-A54C-2ED4AAFF3ADB}.Release|Any CPU.ActiveCfg = Release|Any CPU
		{CFF6F25A-3C3B-44EE-A54C-2ED4AAFF3ADB}.Release|Any CPU.Build.0 = Release|Any CPU
		{CFF6F25A-3C3B-44EE-A54C-2ED4AAFF3ADB}.Release|iPhone.ActiveCfg = Release|Any CPU
		{CFF6F25A-3C3B-44EE-A54C-2ED4AAFF3ADB}.Release|iPhone.Build.0 = Release|Any CPU
		{CFF6F25A-3C3B-44EE-A54C-2ED4AAFF3ADB}.Release|iPhoneSimulator.ActiveCfg = Release|Any CPU
		{CFF6F25A-3C3B-44EE-A54C-2ED4AAFF3ADB}.Release|iPhoneSimulator.Build.0 = Release|Any CPU
		{CFF6F25A-3C3B-44EE-A54C-2ED4AAFF3ADB}.Release|Mixed Platforms.ActiveCfg = Release|Any CPU
		{CFF6F25A-3C3B-44EE-A54C-2ED4AAFF3ADB}.Release|Mixed Platforms.Build.0 = Release|Any CPU
		{D89351C1-D48F-4AD0-A0B9-353A93425AB7}.Ad-Hoc|Any CPU.ActiveCfg = Debug|Any CPU
		{D89351C1-D48F-4AD0-A0B9-353A93425AB7}.Ad-Hoc|Any CPU.Build.0 = Debug|Any CPU
		{D89351C1-D48F-4AD0-A0B9-353A93425AB7}.Ad-Hoc|iPhone.ActiveCfg = Release|Any CPU
		{D89351C1-D48F-4AD0-A0B9-353A93425AB7}.Ad-Hoc|iPhone.Build.0 = Release|Any CPU
		{D89351C1-D48F-4AD0-A0B9-353A93425AB7}.Ad-Hoc|iPhoneSimulator.ActiveCfg = Debug|Any CPU
		{D89351C1-D48F-4AD0-A0B9-353A93425AB7}.Ad-Hoc|iPhoneSimulator.Build.0 = Debug|Any CPU
		{D89351C1-D48F-4AD0-A0B9-353A93425AB7}.Ad-Hoc|Mixed Platforms.ActiveCfg = Debug|Any CPU
		{D89351C1-D48F-4AD0-A0B9-353A93425AB7}.Ad-Hoc|Mixed Platforms.Build.0 = Debug|Any CPU
		{D89351C1-D48F-4AD0-A0B9-353A93425AB7}.AppStore|Any CPU.ActiveCfg = Debug|Any CPU
		{D89351C1-D48F-4AD0-A0B9-353A93425AB7}.AppStore|Any CPU.Build.0 = Debug|Any CPU
		{D89351C1-D48F-4AD0-A0B9-353A93425AB7}.AppStore|iPhone.ActiveCfg = Release|Any CPU
		{D89351C1-D48F-4AD0-A0B9-353A93425AB7}.AppStore|iPhone.Build.0 = Release|Any CPU
		{D89351C1-D48F-4AD0-A0B9-353A93425AB7}.AppStore|iPhoneSimulator.ActiveCfg = Debug|Any CPU
		{D89351C1-D48F-4AD0-A0B9-353A93425AB7}.AppStore|iPhoneSimulator.Build.0 = Debug|Any CPU
		{D89351C1-D48F-4AD0-A0B9-353A93425AB7}.AppStore|Mixed Platforms.ActiveCfg = Debug|Any CPU
		{D89351C1-D48F-4AD0-A0B9-353A93425AB7}.AppStore|Mixed Platforms.Build.0 = Debug|Any CPU
		{D89351C1-D48F-4AD0-A0B9-353A93425AB7}.Debug|Any CPU.ActiveCfg = Debug|Any CPU
		{D89351C1-D48F-4AD0-A0B9-353A93425AB7}.Debug|Any CPU.Build.0 = Debug|Any CPU
		{D89351C1-D48F-4AD0-A0B9-353A93425AB7}.Debug|iPhone.ActiveCfg = Debug|Any CPU
		{D89351C1-D48F-4AD0-A0B9-353A93425AB7}.Debug|iPhone.Build.0 = Debug|Any CPU
		{D89351C1-D48F-4AD0-A0B9-353A93425AB7}.Debug|iPhoneSimulator.ActiveCfg = Debug|Any CPU
		{D89351C1-D48F-4AD0-A0B9-353A93425AB7}.Debug|iPhoneSimulator.Build.0 = Debug|Any CPU
		{D89351C1-D48F-4AD0-A0B9-353A93425AB7}.Debug|Mixed Platforms.ActiveCfg = Debug|Any CPU
		{D89351C1-D48F-4AD0-A0B9-353A93425AB7}.Debug|Mixed Platforms.Build.0 = Debug|Any CPU
		{D89351C1-D48F-4AD0-A0B9-353A93425AB7}.Release|Any CPU.ActiveCfg = Release|Any CPU
		{D89351C1-D48F-4AD0-A0B9-353A93425AB7}.Release|Any CPU.Build.0 = Release|Any CPU
		{D89351C1-D48F-4AD0-A0B9-353A93425AB7}.Release|iPhone.ActiveCfg = Release|Any CPU
		{D89351C1-D48F-4AD0-A0B9-353A93425AB7}.Release|iPhone.Build.0 = Release|Any CPU
		{D89351C1-D48F-4AD0-A0B9-353A93425AB7}.Release|iPhoneSimulator.ActiveCfg = Release|Any CPU
		{D89351C1-D48F-4AD0-A0B9-353A93425AB7}.Release|iPhoneSimulator.Build.0 = Release|Any CPU
		{D89351C1-D48F-4AD0-A0B9-353A93425AB7}.Release|Mixed Platforms.ActiveCfg = Release|Any CPU
		{D89351C1-D48F-4AD0-A0B9-353A93425AB7}.Release|Mixed Platforms.Build.0 = Release|Any CPU
		{D9CBBFFE-57E8-4E97-9E16-C34BC4C52827}.Ad-Hoc|Any CPU.ActiveCfg = Debug|Any CPU
		{D9CBBFFE-57E8-4E97-9E16-C34BC4C52827}.Ad-Hoc|Any CPU.Build.0 = Debug|Any CPU
		{D9CBBFFE-57E8-4E97-9E16-C34BC4C52827}.Ad-Hoc|iPhone.ActiveCfg = Release|Any CPU
		{D9CBBFFE-57E8-4E97-9E16-C34BC4C52827}.Ad-Hoc|iPhone.Build.0 = Release|Any CPU
		{D9CBBFFE-57E8-4E97-9E16-C34BC4C52827}.Ad-Hoc|iPhoneSimulator.ActiveCfg = Debug|Any CPU
		{D9CBBFFE-57E8-4E97-9E16-C34BC4C52827}.Ad-Hoc|iPhoneSimulator.Build.0 = Debug|Any CPU
		{D9CBBFFE-57E8-4E97-9E16-C34BC4C52827}.Ad-Hoc|Mixed Platforms.ActiveCfg = Debug|Any CPU
		{D9CBBFFE-57E8-4E97-9E16-C34BC4C52827}.Ad-Hoc|Mixed Platforms.Build.0 = Debug|Any CPU
		{D9CBBFFE-57E8-4E97-9E16-C34BC4C52827}.AppStore|Any CPU.ActiveCfg = Debug|Any CPU
		{D9CBBFFE-57E8-4E97-9E16-C34BC4C52827}.AppStore|Any CPU.Build.0 = Debug|Any CPU
		{D9CBBFFE-57E8-4E97-9E16-C34BC4C52827}.AppStore|iPhone.ActiveCfg = Release|Any CPU
		{D9CBBFFE-57E8-4E97-9E16-C34BC4C52827}.AppStore|iPhone.Build.0 = Release|Any CPU
		{D9CBBFFE-57E8-4E97-9E16-C34BC4C52827}.AppStore|iPhoneSimulator.ActiveCfg = Debug|Any CPU
		{D9CBBFFE-57E8-4E97-9E16-C34BC4C52827}.AppStore|iPhoneSimulator.Build.0 = Debug|Any CPU
		{D9CBBFFE-57E8-4E97-9E16-C34BC4C52827}.AppStore|Mixed Platforms.ActiveCfg = Debug|Any CPU
		{D9CBBFFE-57E8-4E97-9E16-C34BC4C52827}.AppStore|Mixed Platforms.Build.0 = Debug|Any CPU
		{D9CBBFFE-57E8-4E97-9E16-C34BC4C52827}.Debug|Any CPU.ActiveCfg = Debug|Any CPU
		{D9CBBFFE-57E8-4E97-9E16-C34BC4C52827}.Debug|Any CPU.Build.0 = Debug|Any CPU
		{D9CBBFFE-57E8-4E97-9E16-C34BC4C52827}.Debug|iPhone.ActiveCfg = Debug|Any CPU
		{D9CBBFFE-57E8-4E97-9E16-C34BC4C52827}.Debug|iPhone.Build.0 = Debug|Any CPU
		{D9CBBFFE-57E8-4E97-9E16-C34BC4C52827}.Debug|iPhoneSimulator.ActiveCfg = Debug|Any CPU
		{D9CBBFFE-57E8-4E97-9E16-C34BC4C52827}.Debug|iPhoneSimulator.Build.0 = Debug|Any CPU
		{D9CBBFFE-57E8-4E97-9E16-C34BC4C52827}.Debug|Mixed Platforms.ActiveCfg = Debug|Any CPU
		{D9CBBFFE-57E8-4E97-9E16-C34BC4C52827}.Debug|Mixed Platforms.Build.0 = Debug|Any CPU
		{D9CBBFFE-57E8-4E97-9E16-C34BC4C52827}.Release|Any CPU.ActiveCfg = Release|Any CPU
		{D9CBBFFE-57E8-4E97-9E16-C34BC4C52827}.Release|Any CPU.Build.0 = Release|Any CPU
		{D9CBBFFE-57E8-4E97-9E16-C34BC4C52827}.Release|iPhone.ActiveCfg = Release|Any CPU
		{D9CBBFFE-57E8-4E97-9E16-C34BC4C52827}.Release|iPhone.Build.0 = Release|Any CPU
		{D9CBBFFE-57E8-4E97-9E16-C34BC4C52827}.Release|iPhoneSimulator.ActiveCfg = Release|Any CPU
		{D9CBBFFE-57E8-4E97-9E16-C34BC4C52827}.Release|iPhoneSimulator.Build.0 = Release|Any CPU
		{D9CBBFFE-57E8-4E97-9E16-C34BC4C52827}.Release|Mixed Platforms.ActiveCfg = Release|Any CPU
		{D9CBBFFE-57E8-4E97-9E16-C34BC4C52827}.Release|Mixed Platforms.Build.0 = Release|Any CPU
		{E042EDD9-E89D-4928-BF4D-27F0FC29CEDA}.Ad-Hoc|Any CPU.ActiveCfg = Debug|Any CPU
		{E042EDD9-E89D-4928-BF4D-27F0FC29CEDA}.Ad-Hoc|Any CPU.Build.0 = Debug|Any CPU
		{E042EDD9-E89D-4928-BF4D-27F0FC29CEDA}.Ad-Hoc|iPhone.ActiveCfg = Release|Any CPU
		{E042EDD9-E89D-4928-BF4D-27F0FC29CEDA}.Ad-Hoc|iPhone.Build.0 = Release|Any CPU
		{E042EDD9-E89D-4928-BF4D-27F0FC29CEDA}.Ad-Hoc|iPhoneSimulator.ActiveCfg = Debug|Any CPU
		{E042EDD9-E89D-4928-BF4D-27F0FC29CEDA}.Ad-Hoc|iPhoneSimulator.Build.0 = Debug|Any CPU
		{E042EDD9-E89D-4928-BF4D-27F0FC29CEDA}.Ad-Hoc|Mixed Platforms.ActiveCfg = Debug|Any CPU
		{E042EDD9-E89D-4928-BF4D-27F0FC29CEDA}.Ad-Hoc|Mixed Platforms.Build.0 = Debug|Any CPU
		{E042EDD9-E89D-4928-BF4D-27F0FC29CEDA}.AppStore|Any CPU.ActiveCfg = Debug|Any CPU
		{E042EDD9-E89D-4928-BF4D-27F0FC29CEDA}.AppStore|Any CPU.Build.0 = Debug|Any CPU
		{E042EDD9-E89D-4928-BF4D-27F0FC29CEDA}.AppStore|iPhone.ActiveCfg = Release|Any CPU
		{E042EDD9-E89D-4928-BF4D-27F0FC29CEDA}.AppStore|iPhone.Build.0 = Release|Any CPU
		{E042EDD9-E89D-4928-BF4D-27F0FC29CEDA}.AppStore|iPhoneSimulator.ActiveCfg = Debug|Any CPU
		{E042EDD9-E89D-4928-BF4D-27F0FC29CEDA}.AppStore|iPhoneSimulator.Build.0 = Debug|Any CPU
		{E042EDD9-E89D-4928-BF4D-27F0FC29CEDA}.AppStore|Mixed Platforms.ActiveCfg = Debug|Any CPU
		{E042EDD9-E89D-4928-BF4D-27F0FC29CEDA}.AppStore|Mixed Platforms.Build.0 = Debug|Any CPU
		{E042EDD9-E89D-4928-BF4D-27F0FC29CEDA}.Debug|Any CPU.ActiveCfg = Debug|Any CPU
		{E042EDD9-E89D-4928-BF4D-27F0FC29CEDA}.Debug|Any CPU.Build.0 = Debug|Any CPU
		{E042EDD9-E89D-4928-BF4D-27F0FC29CEDA}.Debug|iPhone.ActiveCfg = Debug|Any CPU
		{E042EDD9-E89D-4928-BF4D-27F0FC29CEDA}.Debug|iPhone.Build.0 = Debug|Any CPU
		{E042EDD9-E89D-4928-BF4D-27F0FC29CEDA}.Debug|iPhoneSimulator.ActiveCfg = Debug|Any CPU
		{E042EDD9-E89D-4928-BF4D-27F0FC29CEDA}.Debug|iPhoneSimulator.Build.0 = Debug|Any CPU
		{E042EDD9-E89D-4928-BF4D-27F0FC29CEDA}.Debug|Mixed Platforms.ActiveCfg = Debug|Any CPU
		{E042EDD9-E89D-4928-BF4D-27F0FC29CEDA}.Debug|Mixed Platforms.Build.0 = Debug|Any CPU
		{E042EDD9-E89D-4928-BF4D-27F0FC29CEDA}.Release|Any CPU.ActiveCfg = Release|Any CPU
		{E042EDD9-E89D-4928-BF4D-27F0FC29CEDA}.Release|Any CPU.Build.0 = Release|Any CPU
		{E042EDD9-E89D-4928-BF4D-27F0FC29CEDA}.Release|iPhone.ActiveCfg = Release|Any CPU
		{E042EDD9-E89D-4928-BF4D-27F0FC29CEDA}.Release|iPhone.Build.0 = Release|Any CPU
		{E042EDD9-E89D-4928-BF4D-27F0FC29CEDA}.Release|iPhoneSimulator.ActiveCfg = Release|Any CPU
		{E042EDD9-E89D-4928-BF4D-27F0FC29CEDA}.Release|iPhoneSimulator.Build.0 = Release|Any CPU
		{E042EDD9-E89D-4928-BF4D-27F0FC29CEDA}.Release|Mixed Platforms.ActiveCfg = Release|Any CPU
		{E042EDD9-E89D-4928-BF4D-27F0FC29CEDA}.Release|Mixed Platforms.Build.0 = Release|Any CPU
		{F073E4F8-E0B6-43E7-84C1-B71AE4BEA0E0}.Ad-Hoc|Any CPU.ActiveCfg = Debug|Any CPU
		{F073E4F8-E0B6-43E7-84C1-B71AE4BEA0E0}.Ad-Hoc|Any CPU.Build.0 = Debug|Any CPU
		{F073E4F8-E0B6-43E7-84C1-B71AE4BEA0E0}.Ad-Hoc|iPhone.ActiveCfg = Release|Any CPU
		{F073E4F8-E0B6-43E7-84C1-B71AE4BEA0E0}.Ad-Hoc|iPhone.Build.0 = Release|Any CPU
		{F073E4F8-E0B6-43E7-84C1-B71AE4BEA0E0}.Ad-Hoc|iPhoneSimulator.ActiveCfg = Debug|Any CPU
		{F073E4F8-E0B6-43E7-84C1-B71AE4BEA0E0}.Ad-Hoc|iPhoneSimulator.Build.0 = Debug|Any CPU
		{F073E4F8-E0B6-43E7-84C1-B71AE4BEA0E0}.Ad-Hoc|Mixed Platforms.ActiveCfg = Debug|Any CPU
		{F073E4F8-E0B6-43E7-84C1-B71AE4BEA0E0}.Ad-Hoc|Mixed Platforms.Build.0 = Debug|Any CPU
		{F073E4F8-E0B6-43E7-84C1-B71AE4BEA0E0}.AppStore|Any CPU.ActiveCfg = Debug|Any CPU
		{F073E4F8-E0B6-43E7-84C1-B71AE4BEA0E0}.AppStore|Any CPU.Build.0 = Debug|Any CPU
		{F073E4F8-E0B6-43E7-84C1-B71AE4BEA0E0}.AppStore|iPhone.ActiveCfg = Release|Any CPU
		{F073E4F8-E0B6-43E7-84C1-B71AE4BEA0E0}.AppStore|iPhone.Build.0 = Release|Any CPU
		{F073E4F8-E0B6-43E7-84C1-B71AE4BEA0E0}.AppStore|iPhoneSimulator.ActiveCfg = Debug|Any CPU
		{F073E4F8-E0B6-43E7-84C1-B71AE4BEA0E0}.AppStore|iPhoneSimulator.Build.0 = Debug|Any CPU
		{F073E4F8-E0B6-43E7-84C1-B71AE4BEA0E0}.AppStore|Mixed Platforms.ActiveCfg = Debug|Any CPU
		{F073E4F8-E0B6-43E7-84C1-B71AE4BEA0E0}.AppStore|Mixed Platforms.Build.0 = Debug|Any CPU
		{F073E4F8-E0B6-43E7-84C1-B71AE4BEA0E0}.Debug|Any CPU.ActiveCfg = Debug|Any CPU
		{F073E4F8-E0B6-43E7-84C1-B71AE4BEA0E0}.Debug|Any CPU.Build.0 = Debug|Any CPU
		{F073E4F8-E0B6-43E7-84C1-B71AE4BEA0E0}.Debug|iPhone.ActiveCfg = Debug|Any CPU
		{F073E4F8-E0B6-43E7-84C1-B71AE4BEA0E0}.Debug|iPhone.Build.0 = Debug|Any CPU
		{F073E4F8-E0B6-43E7-84C1-B71AE4BEA0E0}.Debug|iPhoneSimulator.ActiveCfg = Debug|Any CPU
		{F073E4F8-E0B6-43E7-84C1-B71AE4BEA0E0}.Debug|iPhoneSimulator.Build.0 = Debug|Any CPU
		{F073E4F8-E0B6-43E7-84C1-B71AE4BEA0E0}.Debug|Mixed Platforms.ActiveCfg = Debug|Any CPU
		{F073E4F8-E0B6-43E7-84C1-B71AE4BEA0E0}.Debug|Mixed Platforms.Build.0 = Debug|Any CPU
		{F073E4F8-E0B6-43E7-84C1-B71AE4BEA0E0}.Release|Any CPU.ActiveCfg = Release|Any CPU
		{F073E4F8-E0B6-43E7-84C1-B71AE4BEA0E0}.Release|Any CPU.Build.0 = Release|Any CPU
		{F073E4F8-E0B6-43E7-84C1-B71AE4BEA0E0}.Release|iPhone.ActiveCfg = Release|Any CPU
		{F073E4F8-E0B6-43E7-84C1-B71AE4BEA0E0}.Release|iPhone.Build.0 = Release|Any CPU
		{F073E4F8-E0B6-43E7-84C1-B71AE4BEA0E0}.Release|iPhoneSimulator.ActiveCfg = Release|Any CPU
		{F073E4F8-E0B6-43E7-84C1-B71AE4BEA0E0}.Release|iPhoneSimulator.Build.0 = Release|Any CPU
		{F073E4F8-E0B6-43E7-84C1-B71AE4BEA0E0}.Release|Mixed Platforms.ActiveCfg = Release|Any CPU
		{F073E4F8-E0B6-43E7-84C1-B71AE4BEA0E0}.Release|Mixed Platforms.Build.0 = Release|Any CPU
		{F0B24118-AA83-4CEE-8632-B9619576D311}.Ad-Hoc|Any CPU.ActiveCfg = Debug|Any CPU
		{F0B24118-AA83-4CEE-8632-B9619576D311}.Ad-Hoc|Any CPU.Build.0 = Debug|Any CPU
		{F0B24118-AA83-4CEE-8632-B9619576D311}.Ad-Hoc|iPhone.ActiveCfg = Release|Any CPU
		{F0B24118-AA83-4CEE-8632-B9619576D311}.Ad-Hoc|iPhone.Build.0 = Release|Any CPU
		{F0B24118-AA83-4CEE-8632-B9619576D311}.Ad-Hoc|iPhoneSimulator.ActiveCfg = Debug|Any CPU
		{F0B24118-AA83-4CEE-8632-B9619576D311}.Ad-Hoc|iPhoneSimulator.Build.0 = Debug|Any CPU
		{F0B24118-AA83-4CEE-8632-B9619576D311}.Ad-Hoc|Mixed Platforms.ActiveCfg = Debug|Any CPU
		{F0B24118-AA83-4CEE-8632-B9619576D311}.Ad-Hoc|Mixed Platforms.Build.0 = Debug|Any CPU
		{F0B24118-AA83-4CEE-8632-B9619576D311}.AppStore|Any CPU.ActiveCfg = Debug|Any CPU
		{F0B24118-AA83-4CEE-8632-B9619576D311}.AppStore|Any CPU.Build.0 = Debug|Any CPU
		{F0B24118-AA83-4CEE-8632-B9619576D311}.AppStore|iPhone.ActiveCfg = Release|Any CPU
		{F0B24118-AA83-4CEE-8632-B9619576D311}.AppStore|iPhone.Build.0 = Release|Any CPU
		{F0B24118-AA83-4CEE-8632-B9619576D311}.AppStore|iPhoneSimulator.ActiveCfg = Debug|Any CPU
		{F0B24118-AA83-4CEE-8632-B9619576D311}.AppStore|iPhoneSimulator.Build.0 = Debug|Any CPU
		{F0B24118-AA83-4CEE-8632-B9619576D311}.AppStore|Mixed Platforms.ActiveCfg = Debug|Any CPU
		{F0B24118-AA83-4CEE-8632-B9619576D311}.AppStore|Mixed Platforms.Build.0 = Debug|Any CPU
		{F0B24118-AA83-4CEE-8632-B9619576D311}.Debug|Any CPU.ActiveCfg = Debug|Any CPU
		{F0B24118-AA83-4CEE-8632-B9619576D311}.Debug|Any CPU.Build.0 = Debug|Any CPU
		{F0B24118-AA83-4CEE-8632-B9619576D311}.Debug|iPhone.ActiveCfg = Debug|Any CPU
		{F0B24118-AA83-4CEE-8632-B9619576D311}.Debug|iPhone.Build.0 = Debug|Any CPU
		{F0B24118-AA83-4CEE-8632-B9619576D311}.Debug|iPhoneSimulator.ActiveCfg = Debug|Any CPU
		{F0B24118-AA83-4CEE-8632-B9619576D311}.Debug|iPhoneSimulator.Build.0 = Debug|Any CPU
		{F0B24118-AA83-4CEE-8632-B9619576D311}.Debug|Mixed Platforms.ActiveCfg = Debug|Any CPU
		{F0B24118-AA83-4CEE-8632-B9619576D311}.Debug|Mixed Platforms.Build.0 = Debug|Any CPU
		{F0B24118-AA83-4CEE-8632-B9619576D311}.Release|Any CPU.ActiveCfg = Release|Any CPU
		{F0B24118-AA83-4CEE-8632-B9619576D311}.Release|Any CPU.Build.0 = Release|Any CPU
		{F0B24118-AA83-4CEE-8632-B9619576D311}.Release|iPhone.ActiveCfg = Release|Any CPU
		{F0B24118-AA83-4CEE-8632-B9619576D311}.Release|iPhone.Build.0 = Release|Any CPU
		{F0B24118-AA83-4CEE-8632-B9619576D311}.Release|iPhoneSimulator.ActiveCfg = Release|Any CPU
		{F0B24118-AA83-4CEE-8632-B9619576D311}.Release|iPhoneSimulator.Build.0 = Release|Any CPU
		{F0B24118-AA83-4CEE-8632-B9619576D311}.Release|Mixed Platforms.ActiveCfg = Release|Any CPU
		{F0B24118-AA83-4CEE-8632-B9619576D311}.Release|Mixed Platforms.Build.0 = Release|Any CPU
	EndGlobalSection
	GlobalSection(SolutionProperties) = preSolution
		HideSolutionNode = FALSE
	EndGlobalSection
EndGlobal
